<?xml version="1.0" encoding="utf-8"?>
<Project ToolsVersion="4.0" xmlns="http://schemas.microsoft.com/developer/msbuild/2003">
  <ItemGroup>
    <Filter Include="Source Files">
      <UniqueIdentifier>{6BFF5E2C-3C28-4BE7-8C5D-1D79F2E7D5A0}</UniqueIdentifier>
      <Extensions>cpp;c;cc;cxx;c++;def;odl;idl;hpj;bat;asm;asmx</Extensions>
    </Filter>
    <Filter Include="Header Files">
      <UniqueIdentifier>{3C12B9B6-9B94-45C0-9C55-2E69C8B5F6D1}</UniqueIdentifier>
      <Extensions>h;hh;hpp;hxx;h++;inl;inc;ipp;xsd</Extensions>
    </Filter>
    <Filter Include="ThirdParty">
      <UniqueIdentifier>{E0F7DCA3-B07E-4811-9A8C-3B45F121C421}</UniqueIdentifier>
    </Filter>
  </ItemGroup>
  <ItemGroup>
    <ClCompile Include="src\main.cpp">
      <Filter>Source Files</Filter>
    </ClCompile>
    <ClCompile Include="src\App.cpp">
      <Filter>Source Files</Filter>
    </ClCompile>
    <ClCompile Include="src\core\TrackerDevice.cpp">
      <Filter>Source Files</Filter>
    </ClCompile>
    <ClCompile Include="src\core\MeasurementStore.cpp">
      <Filter>Source Files</Filter>
    </ClCompile>
    <ClCompile Include="src\core\OperationLogger.cpp">
      <Filter>Source Files</Filter>
    </ClCompile>
    <ClCompile Include="src\core\DigitalTwinPublisher.cpp">
      <Filter>Source Files</Filter>
    </ClCompile>
    <ClCompile Include="src\ui\UiLayer.cpp">
      <Filter>Source Files</Filter>
    </ClCompile>
    <ClCompile Include="..\imgui-1.92.7\imgui-1.92.7\imgui.cpp">
      <Filter>ThirdParty</Filter>
    </ClCompile>
    <ClCompile Include="..\imgui-1.92.7\imgui-1.92.7\imgui_draw.cpp">
      <Filter>ThirdParty</Filter>
    </ClCompile>
    <ClCompile Include="..\imgui-1.92.7\imgui-1.92.7\imgui_tables.cpp">
      <Filter>ThirdParty</Filter>
    </ClCompile>
    <ClCompile Include="..\imgui-1.92.7\imgui-1.92.7\imgui_widgets.cpp">
      <Filter>ThirdParty</Filter>
    </ClCompile>
    <ClCompile Include="..\imgui-1.92.7\imgui-1.92.7\backends\imgui_impl_glfw.cpp">
      <Filter>ThirdParty</Filter>
    </ClCompile>
    <ClCompile Include="..\imgui-1.92.7\imgui-1.92.7\backends\imgui_impl_opengl3.cpp">
      <Filter>ThirdParty</Filter>
    </ClCompile>
    <ClCompile Include="..\imgui-1.92.7\imgui-1.92.7\misc\cpp\imgui_stdlib.cpp">
      <Filter>ThirdParty</Filter>
    </ClCompile>
    <ClCompile Include="src\core\AlignmentSolver.cpp">
      <Filter>Source Files</Filter>
    </ClCompile>
  </ItemGroup>
  <ItemGroup>
    <ClInclude Include="include\App.h">
      <Filter>Header Files</Filter>
    </ClInclude>
    <ClInclude Include="include\core\TrackerDevice.h">
      <Filter>Header Files</Filter>
    </ClInclude>
    <ClInclude Include="include\core\MeasurementStore.h">
      <Filter>Header Files</Filter>
    </ClInclude>
    <ClInclude Include="include\core\OperationLogger.h">
      <Filter>Header Files</Filter>
    </ClInclude>
    <ClInclude Include="include\core\DigitalTwinPublisher.h">
      <Filter>Header Files</Filter>
    </ClInclude>
    <ClInclude Include="thirdparty\CPSAPI\include\CPSAPI\CPSAPI.h">
      <Filter>ThirdParty</Filter>
    </ClInclude>
    <ClInclude Include="thirdparty\CPSAPI\include\CPSAPI\CPSDef.h">
      <Filter>ThirdParty</Filter>
    </ClInclude>
    <ClInclude Include="include\ui\UiLayer.h">
      <Filter>Header Files</Filter>
    </ClInclude>
    <ClInclude Include="..\imgui-1.92.7\imgui-1.92.7\imgui.h">
      <Filter>ThirdParty</Filter>
    </ClInclude>
    <ClInclude Include="..\imgui-1.92.7\imgui-1.92.7\backends\imgui_impl_glfw.h">
      <Filter>ThirdParty</Filter>
    </ClInclude>
    <ClInclude Include="..\imgui-1.92.7\imgui-1.92.7\backends\imgui_impl_opengl3.h">
      <Filter>ThirdParty</Filter>
    </ClInclude>
    <ClInclude Include="..\imgui-1.92.7\imgui-1.92.7\backends\imgui_impl_opengl3_loader.h">
      <Filter>ThirdParty</Filter>
    </ClInclude>
    <ClInclude Include="..\imgui-1.92.7\imgui-1.92.7\misc\cpp\imgui_stdlib.h">
      <Filter>ThirdParty</Filter>
    </ClInclude>
    <ClInclude Include="..\imgui-1.92.7\imgui-1.92.7\imconfig.h">
      <Filter>ThirdParty</Filter>
    </ClInclude>
    <ClInclude Include="..\imgui-1.92.7\imgui-1.92.7\imgui_internal.h">
      <Filter>ThirdParty</Filter>
    </ClInclude>
    <ClInclude Include="..\imgui-1.92.7\imgui-1.92.7\imstb_rectpack.h">
      <Filter>ThirdParty</Filter>
    </ClInclude>
    <ClInclude Include="..\imgui-1.92.7\imgui-1.92.7\imstb_textedit.h">
      <Filter>ThirdParty</Filter>
    </ClInclude>
    <ClInclude Include="..\imgui-1.92.7\imgui-1.92.7\imstb_truetype.h">
      <Filter>ThirdParty</Filter>
    </ClInclude>
    <ClInclude Include="..\imgui-1.92.7\imgui-1.92.7\examples\libs\glfw\include\GLFW\glfw3.h">
      <Filter>ThirdParty</Filter>
    </ClInclude>
    <ClInclude Include="..\imgui-1.92.7\imgui-1.92.7\examples\libs\glfw\include\GLFW\glfw3native.h">
      <Filter>ThirdParty</Filter>
    </ClInclude>
    <ClInclude Include="include\core\AlignmentSolver.h">
      <Filter>Header Files</Filter>
    </ClInclude>
  </ItemGroup>
  <ItemGroup>
    <None Include="vcpkg.json" />
    <None Include="thirdparty\CPSAPI\lib\cpsapi.lib" />
    <None Include="thirdparty\CPSAPI\bin\cpsapi.dll" />
    <None Include="thirdparty\CPSAPI\bin\libbus.dll" />
  </ItemGroup>
</Project>
