
Microsoft Visual Studio Solution File, Format Version 12.00
# Visual Studio 15
VisualStudioVersion = 15.0.28307.1433
MinimumVisualStudioVersion = 10.0.40219.1
Project("{8BC9CEB8-8B4A-11D0-8D11-00A0C91BC942}") = "LaserTrackerTester", "LaserTrackerTester\LaserTrackerTester.vcxproj", "{D818443B-B4AD-46EE-A352-98B94F4E7B0F}"
EndProject
Global
	GlobalSection(SolutionConfigurationPlatforms) = preSolution
		Debug|x64 = Debug|x64
		Debug|x86 = Debug|x86
		Release|x64 = Release|x64
		Release|x86 = Release|x86
	EndGlobalSection
	GlobalSection(ProjectConfigurationPlatforms) = postSolution
		{D818443B-B4AD-46EE-A352-98B94F4E7B0F}.Debug|x64.ActiveCfg = Debug|x64
		{D818443B-B4AD-46EE-A352-98B94F4E7B0F}.Debug|x64.Build.0 = Debug|x64
		{D818443B-B4AD-46EE-A352-98B94F4E7B0F}.Debug|x86.ActiveCfg = Debug|Win32
		{D818443B-B4AD-46EE-A352-98B94F4E7B0F}.Debug|x86.Build.0 = Debug|Win32
		{D818443B-B4AD-46EE-A352-98B94F4E7B0F}.Release|x64.ActiveCfg = Release|x64
		{D818443B-B4AD-46EE-A352-98B94F4E7B0F}.Release|x64.Build.0 = Release|x64
		{D818443B-B4AD-46EE-A352-98B94F4E7B0F}.Release|x86.ActiveCfg = Release|Win32
		{D818443B-B4AD-46EE-A352-98B94F4E7B0F}.Release|x86.Build.0 = Release|Win32
	EndGlobalSection
	GlobalSection(SolutionProperties) = preSolution
		HideSolutionNode = FALSE
	EndGlobalSection
	GlobalSection(ExtensibilityGlobals) = postSolution
		SolutionGuid = {12C5F9AF-614D-457B-9ED1-8E8B87168E3E}
	EndGlobalSection
EndGlobal
